
Microsoft Visual Studio Solution File, Format Version 12.00
# Visual Studio Version 16
VisualStudioVersion = 16.0.30114.105
MinimumVisualStudioVersion = 10.0.40219.1
Project("{FAE04EC0-301F-11D3-BF4B-00C04F79EFBC}") = "ProjetoCrudPacientes", "ProjetoCrudPacientes\ProjetoCrudPacientes.csproj", "{A6830201-8F49-49B7-896F-191DCC923EE4}"
EndProject
Project("{54435603-DBB4-11D2-8724-00A0C9A8B90C}") = "CadPacientes", "..\Instalador\CadPacientes\CadPacientes.vdproj", "{F7E00048-F322-4477-8C11-48245523B624}"
EndProject
Global
	GlobalSection(SolutionConfigurationPlatforms) = preSolution
		Debug|Any CPU = Debug|Any CPU
		Release|Any CPU = Release|Any CPU
	EndGlobalSection
	GlobalSection(ProjectConfigurationPlatforms) = postSolution
		{A6830201-8F49-49B7-896F-191DCC923EE4}.Debug|Any CPU.ActiveCfg = Debug|Any CPU
		{A6830201-8F49-49B7-896F-191DCC923EE4}.Debug|Any CPU.Build.0 = Debug|Any CPU
		{A6830201-8F49-49B7-896F-191DCC923EE4}.Release|Any CPU.ActiveCfg = Release|Any CPU
		{A6830201-8F49-49B7-896F-191DCC923EE4}.Release|Any CPU.Build.0 = Release|Any CPU
		{F7E00048-F322-4477-8C11-48245523B624}.Debug|Any CPU.ActiveCfg = Debug
		{F7E00048-F322-4477-8C11-48245523B624}.Release|Any CPU.ActiveCfg = Release
	EndGlobalSection
	GlobalSection(SolutionProperties) = preSolution
		HideSolutionNode = FALSE
	EndGlobalSection
	GlobalSection(ExtensibilityGlobals) = postSolution
		SolutionGuid = {5D7C5AF9-197D-4488-900E-97738440AC0A}
	EndGlobalSection
EndGlobal
